
Microsoft Visual Studio Solution File, Format Version 12.00
# Visual Studio Version 17
VisualStudioVersion = 17.2.32616.157
MinimumVisualStudioVersion = 10.0.40219.1
Project("{9A19103F-16F7-4668-BE54-9A1E7A4F7556}") = "UpTrader", "UpTrader\UpTrader.csproj", "{6588D3F7-321D-44DF-9308-37692E2EEE9E}"
EndProject
Global
	GlobalSection(SolutionConfigurationPlatforms) = preSolution
		Debug|Any CPU = Debug|Any CPU
		Release|Any CPU = Release|Any CPU
	EndGlobalSection
	GlobalSection(ProjectConfigurationPlatforms) = postSolution
		{6588D3F7-321D-44DF-9308-37692E2EEE9E}.Debug|Any CPU.ActiveCfg = Debug|Any CPU
		{6588D3F7-321D-44DF-9308-37692E2EEE9E}.Debug|Any CPU.Build.0 = Debug|Any CPU
		{6588D3F7-321D-44DF-9308-37692E2EEE9E}.Release|Any CPU.ActiveCfg = Release|Any CPU
		{6588D3F7-321D-44DF-9308-37692E2EEE9E}.Release|Any CPU.Build.0 = Release|Any CPU
	EndGlobalSection
	GlobalSection(SolutionProperties) = preSolution
		HideSolutionNode = FALSE
	EndGlobalSection
	GlobalSection(ExtensibilityGlobals) = postSolution
		SolutionGuid = {6FA89CD8-6682-4FBD-8872-80FD2EA4AE59}
	EndGlobalSection
EndGlobal
